
Microsoft Visual Studio Solution File, Format Version 12.00
# Visual Studio Version 17
VisualStudioVersion = 17.11.35327.3
MinimumVisualStudioVersion = 10.0.40219.1
Project("{FAE04EC0-301F-11D3-BF4B-00C04F79EFBC}") = "Turn Based game", "Turn Based game.csproj", "{E9A9494C-6223-4B16-AF59-938F472F0985}"
EndProject
Global
	GlobalSection(SolutionConfigurationPlatforms) = preSolution
		Debug|Any CPU = Debug|Any CPU
		Release|Any CPU = Release|Any CPU
	EndGlobalSection
	GlobalSection(ProjectConfigurationPlatforms) = postSolution
		{E9A9494C-6223-4B16-AF59-938F472F0985}.Debug|Any CPU.ActiveCfg = Debug|Any CPU
		{E9A9494C-6223-4B16-AF59-938F472F0985}.Debug|Any CPU.Build.0 = Debug|Any CPU
		{E9A9494C-6223-4B16-AF59-938F472F0985}.Release|Any CPU.ActiveCfg = Release|Any CPU
		{E9A9494C-6223-4B16-AF59-938F472F0985}.Release|Any CPU.Build.0 = Release|Any CPU
	EndGlobalSection
	GlobalSection(SolutionProperties) = preSolution
		HideSolutionNode = FALSE
	EndGlobalSection
	GlobalSection(ExtensibilityGlobals) = postSolution
		SolutionGuid = {6B963A62-1B54-4D13-8B39-A42769E1783D}
	EndGlobalSection
EndGlobal
